
Microsoft Visual Studio Solution File, Format Version 12.00
# Visual Studio Version 16
VisualStudioVersion = 16.0.29102.190
MinimumVisualStudioVersion = 10.0.40219.1
Project("{FAE04EC0-301F-11D3-BF4B-00C04F79EFBC}") = "requestify", "requestify\requestify.csproj", "{9D2B19CF-F280-4BF8-8615-2CB1CFC8E453}"
EndProject
Global
	GlobalSection(SolutionConfigurationPlatforms) = preSolution
		Debug|Any CPU = Debug|Any CPU
		Release|Any CPU = Release|Any CPU
	EndGlobalSection
	GlobalSection(ProjectConfigurationPlatforms) = postSolution
		{9D2B19CF-F280-4BF8-8615-2CB1CFC8E453}.Debug|Any CPU.ActiveCfg = Debug|Any CPU
		{9D2B19CF-F280-4BF8-8615-2CB1CFC8E453}.Debug|Any CPU.Build.0 = Debug|Any CPU
		{9D2B19CF-F280-4BF8-8615-2CB1CFC8E453}.Release|Any CPU.ActiveCfg = Release|Any CPU
		{9D2B19CF-F280-4BF8-8615-2CB1CFC8E453}.Release|Any CPU.Build.0 = Release|Any CPU
	EndGlobalSection
	GlobalSection(SolutionProperties) = preSolution
		HideSolutionNode = FALSE
	EndGlobalSection
	GlobalSection(ExtensibilityGlobals) = postSolution
		SolutionGuid = {EC22C143-E048-4F77-9F3C-2B98CD2CAD2A}
	EndGlobalSection
EndGlobal
